// !$*UTF8*$!
{
	archiveVersion = 1;
	classes = {
	};
	objectVersion = 50;
	objects = {

/* Begin PBXBuildFile section */
		B328E06F2607EAEF0090FAE0 /* EggseedAppApp.swift in Sources */ = {isa = PBXBuildFile; fileRef = B328E06E2607EAEF0090FAE0 /* EggseedAppApp.swift */; };
		B328E0712607EAEF0090FAE0 /* TemplateSelectionWindowView.swift in Sources */ = {isa = PBXBuildFile; fileRef = B328E0702607EAEF0090FAE0 /* TemplateSelectionWindowView.swift */; };
		B328E0732607EAEF0090FAE0 /* Assets.xcassets in Resources */ = {isa = PBXBuildFile; fileRef = B328E0722607EAEF0090FAE0 /* Assets.xcassets */; };
		B328E0762607EAEF0090FAE0 /* Preview Assets.xcassets in Resources */ = {isa = PBXBuildFile; fileRef = B328E0752607EAEF0090FAE0 /* Preview Assets.xcassets */; };
		B328E09E2607F30C0090FAE0 /* TemplateView.swift in Sources */ = {isa = PBXBuildFile; fileRef = B328E09D2607F30C0090FAE0 /* TemplateView.swift */; };
		B3B4CBE3260A281200592741 /* TemplateGroupView.swift in Sources */ = {isa = PBXBuildFile; fileRef = B3B4CBE2260A281200592741 /* TemplateGroupView.swift */; };
		B3B4CBE6260A299100592741 /* TemplateSelectorView.swift in Sources */ = {isa = PBXBuildFile; fileRef = B3B4CBE5260A299100592741 /* TemplateSelectorView.swift */; };
		B3B4CBEB260A393C00592741 /* ContentView.swift in Sources */ = {isa = PBXBuildFile; fileRef = B3B4CBEA260A393C00592741 /* ContentView.swift */; };
/* End PBXBuildFile section */

/* Begin PBXFileReference section */
		B328E06B2607EAEF0090FAE0 /* EggseedApp.app */ = {isa = PBXFileReference; explicitFileType = wrapper.application; includeInIndex = 0; path = EggseedApp.app; sourceTree = BUILT_PRODUCTS_DIR; };
		B328E06E2607EAEF0090FAE0 /* EggseedAppApp.swift */ = {isa = PBXFileReference; lastKnownFileType = sourcecode.swift; path = EggseedAppApp.swift; sourceTree = "<group>"; };
		B328E0702607EAEF0090FAE0 /* TemplateSelectionWindowView.swift */ = {isa = PBXFileReference; lastKnownFileType = sourcecode.swift; path = TemplateSelectionWindowView.swift; sourceTree = "<group>"; };
		B328E0722607EAEF0090FAE0 /* Assets.xcassets */ = {isa = PBXFileReference; lastKnownFileType = folder.assetcatalog; path = Assets.xcassets; sourceTree = "<group>"; };
		B328E0752607EAEF0090FAE0 /* Preview Assets.xcassets */ = {isa = PBXFileReference; lastKnownFileType = folder.assetcatalog; path = "Preview Assets.xcassets"; sourceTree = "<group>"; };
		B328E0772607EAEF0090FAE0 /* Info.plist */ = {isa = PBXFileReference; lastKnownFileType = text.plist.xml; path = Info.plist; sourceTree = "<group>"; };
		B328E0782607EAEF0090FAE0 /* EggseedApp.entitlements */ = {isa = PBXFileReference; lastKnownFileType = text.plist.entitlements; path = EggseedApp.entitlements; sourceTree = "<group>"; };
		B328E09D2607F30C0090FAE0 /* TemplateView.swift */ = {isa = PBXFileReference; lastKnownFileType = sourcecode.swift; path = TemplateView.swift; sourceTree = "<group>"; };
		B3B4CBE2260A281200592741 /* TemplateGroupView.swift */ = {isa = PBXFileReference; fileEncoding = 4; lastKnownFileType = sourcecode.swift; path = TemplateGroupView.swift; sourceTree = "<group>"; };
		B3B4CBE5260A299100592741 /* TemplateSelectorView.swift */ = {isa = PBXFileReference; fileEncoding = 4; lastKnownFileType = sourcecode.swift; path = TemplateSelectorView.swift; sourceTree = "<group>"; };
		B3B4CBEA260A393C00592741 /* ContentView.swift */ = {isa = PBXFileReference; lastKnownFileType = sourcecode.swift; path = ContentView.swift; sourceTree = "<group>"; };
/* End PBXFileReference section */

/* Begin PBXFrameworksBuildPhase section */
		B328E0682607EAEF0090FAE0 /* Frameworks */ = {
			isa = PBXFrameworksBuildPhase;
			buildActionMask = 2147483647;
			files = (
			);
			runOnlyForDeploymentPostprocessing = 0;
		};
/* End PBXFrameworksBuildPhase section */

/* Begin PBXGroup section */
		B328E0622607EAEF0090FAE0 = {
			isa = PBXGroup;
			children = (
				B328E06D2607EAEF0090FAE0 /* EggseedApp */,
				B328E06C2607EAEF0090FAE0 /* Products */,
			);
			sourceTree = "<group>";
		};
		B328E06C2607EAEF0090FAE0 /* Products */ = {
			isa = PBXGroup;
			children = (
				B328E06B2607EAEF0090FAE0 /* EggseedApp.app */,
			);
			name = Products;
			sourceTree = "<group>";
		};
		B328E06D2607EAEF0090FAE0 /* EggseedApp */ = {
			isa = PBXGroup;
			children = (
				B328E0782607EAEF0090FAE0 /* EggseedApp.entitlements */,
				B328E0772607EAEF0090FAE0 /* Info.plist */,
				B328E0702607EAEF0090FAE0 /* TemplateSelectionWindowView.swift */,
				B328E06E2607EAEF0090FAE0 /* EggseedAppApp.swift */,
				B3B4CBE2260A281200592741 /* TemplateGroupView.swift */,
				B3B4CBE5260A299100592741 /* TemplateSelectorView.swift */,
				B328E09D2607F30C0090FAE0 /* TemplateView.swift */,
				B328E0722607EAEF0090FAE0 /* Assets.xcassets */,
				B328E0742607EAEF0090FAE0 /* Preview Content */,
				B3B4CBEA260A393C00592741 /* ContentView.swift */,
			);
			path = EggseedApp;
			sourceTree = "<group>";
		};
		B328E0742607EAEF0090FAE0 /* Preview Content */ = {
			isa = PBXGroup;
			children = (
				B328E0752607EAEF0090FAE0 /* Preview Assets.xcassets */,
			);
			path = "Preview Content";
			sourceTree = "<group>";
		};
/* End PBXGroup section */

/* Begin PBXNativeTarget section */
		B328E06A2607EAEF0090FAE0 /* EggseedApp */ = {
			isa = PBXNativeTarget;
			buildConfigurationList = B328E07B2607EAEF0090FAE0 /* Build configuration list for PBXNativeTarget "EggseedApp" */;
			buildPhases = (
				B328E0672607EAEF0090FAE0 /* Sources */,
				B328E0682607EAEF0090FAE0 /* Frameworks */,
				B328E0692607EAEF0090FAE0 /* Resources */,
			);
			buildRules = (
			);
			dependencies = (
			);
			name = EggseedApp;
			productName = EggseedApp;
			productReference = B328E06B2607EAEF0090FAE0 /* EggseedApp.app */;
			productType = "com.apple.product-type.application";
		};
/* End PBXNativeTarget section */

/* Begin PBXProject section */
		B328E0632607EAEF0090FAE0 /* Project object */ = {
			isa = PBXProject;
			attributes = {
				LastSwiftUpdateCheck = 1240;
				LastUpgradeCheck = 1240;
				TargetAttributes = {
					B328E06A2607EAEF0090FAE0 = {
						CreatedOnToolsVersion = 12.4;
					};
				};
			};
			buildConfigurationList = B328E0662607EAEF0090FAE0 /* Build configuration list for PBXProject "EggseedApp" */;
			compatibilityVersion = "Xcode 9.3";
			developmentRegion = en;
			hasScannedForEncodings = 0;
			knownRegions = (
				en,
				Base,
			);
			mainGroup = B328E0622607EAEF0090FAE0;
			productRefGroup = B328E06C2607EAEF0090FAE0 /* Products */;
			projectDirPath = "";
			projectRoot = "";
			targets = (
				B328E06A2607EAEF0090FAE0 /* EggseedApp */,
			);
		};
/* End PBXProject section */

/* Begin PBXResourcesBuildPhase section */
		B328E0692607EAEF0090FAE0 /* Resources */ = {
			isa = PBXResourcesBuildPhase;
			buildActionMask = 2147483647;
			files = (
				B328E0762607EAEF0090FAE0 /* Preview Assets.xcassets in Resources */,
				B328E0732607EAEF0090FAE0 /* Assets.xcassets in Resources */,
			);
			runOnlyForDeploymentPostprocessing = 0;
		};
/* End PBXResourcesBuildPhase section */

/* Begin PBXSourcesBuildPhase section */
		B328E0672607EAEF0090FAE0 /* Sources */ = {
			isa = PBXSourcesBuildPhase;
			buildActionMask = 2147483647;
			files = (
				B3B4CBE6260A299100592741 /* TemplateSelectorView.swift in Sources */,
				B328E0712607EAEF0090FAE0 /* TemplateSelectionWindowView.swift in Sources */,
				B3B4CBEB260A393C00592741 /* ContentView.swift in Sources */,
				B328E06F2607EAEF0090FAE0 /* EggseedAppApp.swift in Sources */,
				B3B4CBE3260A281200592741 /* TemplateGroupView.swift in Sources */,
				B328E09E2607F30C0090FAE0 /* TemplateView.swift in Sources */,
			);
			runOnlyForDeploymentPostprocessing = 0;
		};
/* End PBXSourcesBuildPhase section */

/* Begin XCBuildConfiguration section */
		B328E0792607EAEF0090FAE0 /* Debug */ = {
			isa = XCBuildConfiguration;
			buildSettings = {
				ALWAYS_SEARCH_USER_PATHS = NO;
				CLANG_ANALYZER_NONNULL = YES;
				CLANG_ANALYZER_NUMBER_OBJECT_CONVERSION = YES_AGGRESSIVE;
				CLANG_CXX_LANGUAGE_STANDARD = "gnu++14";
				CLANG_CXX_LIBRARY = "libc++";
				CLANG_ENABLE_MODULES = YES;
				CLANG_ENABLE_OBJC_ARC = YES;
				CLANG_ENABLE_OBJC_WEAK = YES;
				CLANG_WARN_BLOCK_CAPTURE_AUTORELEASING = YES;
				CLANG_WARN_BOOL_CONVERSION = YES;
				CLANG_WARN_COMMA = YES;
				CLANG_WARN_CONSTANT_CONVERSION = YES;
				CLANG_WARN_DEPRECATED_OBJC_IMPLEMENTATIONS = YES;
				CLANG_WARN_DIRECT_OBJC_ISA_USAGE = YES_ERROR;
				CLANG_WARN_DOCUMENTATION_COMMENTS = YES;
				CLANG_WARN_EMPTY_BODY = YES;
				CLANG_WARN_ENUM_CONVERSION = YES;
				CLANG_WARN_INFINITE_RECURSION = YES;
				CLANG_WARN_INT_CONVERSION = YES;
				CLANG_WARN_NON_LITERAL_NULL_CONVERSION = YES;
				CLANG_WARN_OBJC_IMPLICIT_RETAIN_SELF = YES;
				CLANG_WARN_OBJC_LITERAL_CONVERSION = YES;
				CLANG_WARN_OBJC_ROOT_CLASS = YES_ERROR;
				CLANG_WARN_QUOTED_INCLUDE_IN_FRAMEWORK_HEADER = YES;
				CLANG_WARN_RANGE_LOOP_ANALYSIS = YES;
				CLANG_WARN_STRICT_PROTOTYPES = YES;
				CLANG_WARN_SUSPICIOUS_MOVE = YES;
				CLANG_WARN_UNGUARDED_AVAILABILITY = YES_AGGRESSIVE;
				CLANG_WARN_UNREACHABLE_CODE = YES;
				CLANG_WARN__DUPLICATE_METHOD_MATCH = YES;
				COPY_PHASE_STRIP = NO;
				DEBUG_INFORMATION_FORMAT = dwarf;
				ENABLE_STRICT_OBJC_MSGSEND = YES;
				ENABLE_TESTABILITY = YES;
				GCC_C_LANGUAGE_STANDARD = gnu11;
				GCC_DYNAMIC_NO_PIC = NO;
				GCC_NO_COMMON_BLOCKS = YES;
				GCC_OPTIMIZATION_LEVEL = 0;
				GCC_PREPROCESSOR_DEFINITIONS = (
					"DEBUG=1",
					"$(inherited)",
				);
				GCC_WARN_64_TO_32_BIT_CONVERSION = YES;
				GCC_WARN_ABOUT_RETURN_TYPE = YES_ERROR;
				GCC_WARN_UNDECLARED_SELECTOR = YES;
				GCC_WARN_UNINITIALIZED_AUTOS = YES_AGGRESSIVE;
				GCC_WARN_UNUSED_FUNCTION = YES;
				GCC_WARN_UNUSED_VARIABLE = YES;
				MACOSX_DEPLOYMENT_TARGET = 11.1;
				MTL_ENABLE_DEBUG_INFO = INCLUDE_SOURCE;
				MTL_FAST_MATH = YES;
				ONLY_ACTIVE_ARCH = YES;
				SDKROOT = macosx;
				SWIFT_ACTIVE_COMPILATION_CONDITIONS = DEBUG;
				SWIFT_OPTIMIZATION_LEVEL = "-Onone";
			};
			name = Debug;
		};
		B328E07A2607EAEF0090FAE0 /* Release */ = {
			isa = XCBuildConfiguration;
			buildSettings = {
				ALWAYS_SEARCH_USER_PATHS = NO;
				CLANG_ANALYZER_NONNULL = YES;
				CLANG_ANALYZER_NUMBER_OBJECT_CONVERSION = YES_AGGRESSIVE;
				CLANG_CXX_LANGUAGE_STANDARD = "gnu++14";
				CLANG_CXX_LIBRARY = "libc++";
				CLANG_ENABLE_MODULES = YES;
				CLANG_ENABLE_OBJC_ARC = YES;
				CLANG_ENABLE_OBJC_WEAK = YES;
				CLANG_WARN_BLOCK_CAPTURE_AUTORELEASING = YES;
				CLANG_WARN_BOOL_CONVERSION = YES;
				CLANG_WARN_COMMA = YES;
				CLANG_WARN_CONSTANT_CONVERSION = YES;
				CLANG_WARN_DEPRECATED_OBJC_IMPLEMENTATIONS = YES;
				CLANG_WARN_DIRECT_OBJC_ISA_USAGE = YES_ERROR;
				CLANG_WARN_DOCUMENTATION_COMMENTS = YES;
				CLANG_WARN_EMPTY_BODY = YES;
				CLANG_WARN_ENUM_CONVERSION = YES;
				CLANG_WARN_INFINITE_RECURSION = YES;
				CLANG_WARN_INT_CONVERSION = YES;
				CLANG_WARN_NON_LITERAL_NULL_CONVERSION = YES;
				CLANG_WARN_OBJC_IMPLICIT_RETAIN_SELF = YES;
				CLANG_WARN_OBJC_LITERAL_CONVERSION = YES;
				CLANG_WARN_OBJC_ROOT_CLASS = YES_ERROR;
				CLANG_WARN_QUOTED_INCLUDE_IN_FRAMEWORK_HEADER = YES;
				CLANG_WARN_RANGE_LOOP_ANALYSIS = YES;
				CLANG_WARN_STRICT_PROTOTYPES = YES;
				CLANG_WARN_SUSPICIOUS_MOVE = YES;
				CLANG_WARN_UNGUARDED_AVAILABILITY = YES_AGGRESSIVE;
				CLANG_WARN_UNREACHABLE_CODE = YES;
				CLANG_WARN__DUPLICATE_METHOD_MATCH = YES;
				COPY_PHASE_STRIP = NO;
				DEBUG_INFORMATION_FORMAT = "dwarf-with-dsym";
				ENABLE_NS_ASSERTIONS = NO;
				ENABLE_STRICT_OBJC_MSGSEND = YES;
				GCC_C_LANGUAGE_STANDARD = gnu11;
				GCC_NO_COMMON_BLOCKS = YES;
				GCC_WARN_64_TO_32_BIT_CONVERSION = YES;
				GCC_WARN_ABOUT_RETURN_TYPE = YES_ERROR;
				GCC_WARN_UNDECLARED_SELECTOR = YES;
				GCC_WARN_UNINITIALIZED_AUTOS = YES_AGGRESSIVE;
				GCC_WARN_UNUSED_FUNCTION = YES;
				GCC_WARN_UNUSED_VARIABLE = YES;
				MACOSX_DEPLOYMENT_TARGET = 11.1;
				MTL_ENABLE_DEBUG_INFO = NO;
				MTL_FAST_MATH = YES;
				SDKROOT = macosx;
				SWIFT_COMPILATION_MODE = wholemodule;
				SWIFT_OPTIMIZATION_LEVEL = "-O";
			};
			name = Release;
		};
		B328E07C2607EAEF0090FAE0 /* Debug */ = {
			isa = XCBuildConfiguration;
			buildSettings = {
				ASSETCATALOG_COMPILER_APPICON_NAME = AppIcon;
				ASSETCATALOG_COMPILER_GLOBAL_ACCENT_COLOR_NAME = AccentColor;
				CODE_SIGN_ENTITLEMENTS = EggseedApp/EggseedApp.entitlements;
				CODE_SIGN_STYLE = Automatic;
				COMBINE_HIDPI_IMAGES = YES;
				DEVELOPMENT_ASSET_PATHS = "\"EggseedApp/Preview Content\"";
				DEVELOPMENT_TEAM = MLT7M394S7;
				ENABLE_HARDENED_RUNTIME = YES;
				ENABLE_PREVIEWS = YES;
				INFOPLIST_FILE = EggseedApp/Info.plist;
				LD_RUNPATH_SEARCH_PATHS = (
					"$(inherited)",
					"@executable_path/../Frameworks",
				);
				MACOSX_DEPLOYMENT_TARGET = 11.0;
				PRODUCT_BUNDLE_IDENTIFIER = com.brightdigit.EggseedApp;
				PRODUCT_NAME = "$(TARGET_NAME)";
				SWIFT_VERSION = 5.0;
			};
			name = Debug;
		};
		B328E07D2607EAEF0090FAE0 /* Release */ = {
			isa = XCBuildConfiguration;
			buildSettings = {
				ASSETCATALOG_COMPILER_APPICON_NAME = AppIcon;
				ASSETCATALOG_COMPILER_GLOBAL_ACCENT_COLOR_NAME = AccentColor;
				CODE_SIGN_ENTITLEMENTS = EggseedApp/EggseedApp.entitlements;
				CODE_SIGN_STYLE = Automatic;
				COMBINE_HIDPI_IMAGES = YES;
				DEVELOPMENT_ASSET_PATHS = "\"EggseedApp/Preview Content\"";
				DEVELOPMENT_TEAM = MLT7M394S7;
				ENABLE_HARDENED_RUNTIME = YES;
				ENABLE_PREVIEWS = YES;
				INFOPLIST_FILE = EggseedApp/Info.plist;
				LD_RUNPATH_SEARCH_PATHS = (
					"$(inherited)",
					"@executable_path/../Frameworks",
				);
				MACOSX_DEPLOYMENT_TARGET = 11.0;
				PRODUCT_BUNDLE_IDENTIFIER = com.brightdigit.EggseedApp;
				PRODUCT_NAME = "$(TARGET_NAME)";
				SWIFT_VERSION = 5.0;
			};
			name = Release;
		};
/* End XCBuildConfiguration section */

/* Begin XCConfigurationList section */
		B328E0662607EAEF0090FAE0 /* Build configuration list for PBXProject "EggseedApp" */ = {
			isa = XCConfigurationList;
			buildConfigurations = (
				B328E0792607EAEF0090FAE0 /* Debug */,
				B328E07A2607EAEF0090FAE0 /* Release */,
			);
			defaultConfigurationIsVisible = 0;
			defaultConfigurationName = Release;
		};
		B328E07B2607EAEF0090FAE0 /* Build configuration list for PBXNativeTarget "EggseedApp" */ = {
			isa = XCConfigurationList;
			buildConfigurations = (
				B328E07C2607EAEF0090FAE0 /* Debug */,
				B328E07D2607EAEF0090FAE0 /* Release */,
			);
			defaultConfigurationIsVisible = 0;
			defaultConfigurationName = Release;
		};
/* End XCConfigurationList section */
	};
	rootObject = B328E0632607EAEF0090FAE0 /* Project object */;
}
